
Microsoft Visual Studio Solution File, Format Version 12.00
# Visual Studio Version 16
VisualStudioVersion = 16.0.30114.105
MinimumVisualStudioVersion = 10.0.40219.1
Project("{FAE04EC0-301F-11D3-BF4B-00C04F79EFBC}") = "Exemplocolecoes", "ExemploColecoes\Exemplocolecoes.csproj", "{887BA8E3-59DA-4046-8D06-9BACAEF7CA7B}"
EndProject
Global
	GlobalSection(SolutionConfigurationPlatforms) = preSolution
		Debug|Any CPU = Debug|Any CPU
		Release|Any CPU = Release|Any CPU
	EndGlobalSection
	GlobalSection(SolutionProperties) = preSolution
		HideSolutionNode = FALSE
	EndGlobalSection
	GlobalSection(ProjectConfigurationPlatforms) = postSolution
		{887BA8E3-59DA-4046-8D06-9BACAEF7CA7B}.Debug|Any CPU.ActiveCfg = Debug|Any CPU
		{887BA8E3-59DA-4046-8D06-9BACAEF7CA7B}.Debug|Any CPU.Build.0 = Debug|Any CPU
		{887BA8E3-59DA-4046-8D06-9BACAEF7CA7B}.Release|Any CPU.ActiveCfg = Release|Any CPU
		{887BA8E3-59DA-4046-8D06-9BACAEF7CA7B}.Release|Any CPU.Build.0 = Release|Any CPU
	EndGlobalSection
EndGlobal
